lockfileVersion: '9.0'

settings:
  autoInstallPeers: true
  excludeLinksFromLockfile: false

importers:

  .:
    dependencies:
      ouml:
        specifier: latest
        version: 0.3.28
      prettier:
        specifier: ^3.8.3
        version: 3.8.3

packages:

  ouml@0.3.28:
    resolution: {integrity: sha512-cdYbBWjOWSQZsRgE08uwRRBQwcHbSo3fKtXzeynQaTBSRLG3DLklz9qh7tEAMDu12sjqFJaK6O8npn3E0JFCJw==}

  prettier@3.8.3:
    resolution: {integrity: sha512-7igPTM53cGHMW8xWuVTydi2KO233VFiTNyF5hLJqpilHfmn8C8gPf+PS7dUT64YcXFbiMGZxS9pCSxL/Dxm/Jw==}
    engines: {node: '>=14'}
    hasBin: true

snapshots:

  ouml@0.3.28: {}

  prettier@3.8.3: {}
